
Microsoft Visual Studio Solution File, Format Version 12.00
# Visual Studio Version 17
VisualStudioVersion = 17.10.35013.160
MinimumVisualStudioVersion = 10.0.40219.1
Project("{FAE04EC0-301F-11D3-BF4B-00C04F79EFBC}") = "BDJ", "BDJ\BDJ.csproj", "{36FE260B-B928-4594-BAA4-1F30920BA80F}"
EndProject
Global
	GlobalSection(SolutionConfigurationPlatforms) = preSolution
		Debug|Any CPU = Debug|Any CPU
		Release|Any CPU = Release|Any CPU
	EndGlobalSection
	GlobalSection(ProjectConfigurationPlatforms) = postSolution
		{36FE260B-B928-4594-BAA4-1F30920BA80F}.Debug|Any CPU.ActiveCfg = Debug|Any CPU
		{36FE260B-B928-4594-BAA4-1F30920BA80F}.Debug|Any CPU.Build.0 = Debug|Any CPU
		{36FE260B-B928-4594-BAA4-1F30920BA80F}.Release|Any CPU.ActiveCfg = Release|Any CPU
		{36FE260B-B928-4594-BAA4-1F30920BA80F}.Release|Any CPU.Build.0 = Release|Any CPU
	EndGlobalSection
	GlobalSection(SolutionProperties) = preSolution
		HideSolutionNode = FALSE
	EndGlobalSection
	GlobalSection(ExtensibilityGlobals) = postSolution
		SolutionGuid = {352A4839-8D37-41E3-B4F9-B524D9A1A104}
	EndGlobalSection
EndGlobal
